
Microsoft Visual Studio Solution File, Format Version 12.00
# Visual Studio 14
VisualStudioVersion = 14.0.25420.1
MinimumVisualStudioVersion = 10.0.40219.1
Project("{FAE04EC0-301F-11D3-BF4B-00C04F79EFBC}") = "CryptoBot", "CryptoBot\CryptoBot.csproj", "{531FF0CC-FE3B-4C7B-8D4C-5CEAB2369027}"
EndProject
Project("{FAE04EC0-301F-11D3-BF4B-00C04F79EFBC}") = "BusinessLayer", "Bittrex.Api.Client.2\BusinessLayer.csproj", "{9005A03D-A1A8-4482-B07D-DACAFCB3FF77}"
EndProject
Global
	GlobalSection(SolutionConfigurationPlatforms) = preSolution
		Debug|Any CPU = Debug|Any CPU
		Release|Any CPU = Release|Any CPU
	EndGlobalSection
	GlobalSection(ProjectConfigurationPlatforms) = postSolution
		{531FF0CC-FE3B-4C7B-8D4C-5CEAB2369027}.Debug|Any CPU.ActiveCfg = Debug|Any CPU
		{531FF0CC-FE3B-4C7B-8D4C-5CEAB2369027}.Debug|Any CPU.Build.0 = Debug|Any CPU
		{531FF0CC-FE3B-4C7B-8D4C-5CEAB2369027}.Release|Any CPU.ActiveCfg = Release|Any CPU
		{531FF0CC-FE3B-4C7B-8D4C-5CEAB2369027}.Release|Any CPU.Build.0 = Release|Any CPU
		{9005A03D-A1A8-4482-B07D-DACAFCB3FF77}.Debug|Any CPU.ActiveCfg = Debug|Any CPU
		{9005A03D-A1A8-4482-B07D-DACAFCB3FF77}.Debug|Any CPU.Build.0 = Debug|Any CPU
		{9005A03D-A1A8-4482-B07D-DACAFCB3FF77}.Release|Any CPU.ActiveCfg = Release|Any CPU
		{9005A03D-A1A8-4482-B07D-DACAFCB3FF77}.Release|Any CPU.Build.0 = Release|Any CPU
	EndGlobalSection
	GlobalSection(SolutionProperties) = preSolution
		HideSolutionNode = FALSE
	EndGlobalSection
	GlobalSection(ExtensibilityGlobals) = postSolution
		SolutionGuid = {10CB2881-6CE3-45BC-8C25-0F136616B373}
	EndGlobalSection
EndGlobal
